// !$*UTF8*$!
{
	archiveVersion = 1;
	classes = {
	};
	objectVersion = 55;
	objects = {

/* Begin PBXBuildFile section */
		DD0CCA4A290BEBAF00264543 /* FirebaseAnalytics in Frameworks */ = {isa = PBXBuildFile; productRef = DD0CCA49290BEBAF00264543 /* FirebaseAnalytics */; };
		DD0CCA4C290BEBAF00264543 /* FirebaseCrashlytics in Frameworks */ = {isa = PBXBuildFile; productRef = DD0CCA4B290BEBAF00264543 /* FirebaseCrashlytics */; };
		DD0CCA4E290BEBAF00264543 /* FirebaseDynamicLinks in Frameworks */ = {isa = PBXBuildFile; productRef = DD0CCA4D290BEBAF00264543 /* FirebaseDynamicLinks */; };
		DD0CCA50290BEBAF00264543 /* FirebaseMessaging in Frameworks */ = {isa = PBXBuildFile; productRef = DD0CCA4F290BEBAF00264543 /* FirebaseMessaging */; };
		DD0CCA52290BEBAF00264543 /* FirebasePerformance in Frameworks */ = {isa = PBXBuildFile; productRef = DD0CCA51290BEBAF00264543 /* FirebasePerformance */; };
		DD0CCA54290BEBAF00264543 /* FirebaseRemoteConfig in Frameworks */ = {isa = PBXBuildFile; productRef = DD0CCA53290BEBAF00264543 /* FirebaseRemoteConfig */; };
		DD0CCA56290BF06100264543 /* GoogleService-Info.plist in Resources */ = {isa = PBXBuildFile; fileRef = DD0CCA55290BF06100264543 /* GoogleService-Info.plist */; };
		DD0CCA59290C0BF100264543 /* Color.swift in Sources */ = {isa = PBXBuildFile; fileRef = DD0CCA58290C0BF100264543 /* Color.swift */; };
		DD92E9B1290BC63F00D1A03D /* ReactorKit in Frameworks */ = {isa = PBXBuildFile; productRef = DD92E9B0290BC63F00D1A03D /* ReactorKit */; };
		DD98FD18290AC473002EAB2A /* RxMoya in Frameworks */ = {isa = PBXBuildFile; productRef = DD98FD17290AC473002EAB2A /* RxMoya */; };
		DD98FD1B290AC48B002EAB2A /* SnapKit in Frameworks */ = {isa = PBXBuildFile; productRef = DD98FD1A290AC48B002EAB2A /* SnapKit */; };
		DD98FD1E290AC49E002EAB2A /* RxCocoa in Frameworks */ = {isa = PBXBuildFile; productRef = DD98FD1D290AC49E002EAB2A /* RxCocoa */; };
		DD98FD20290AC49E002EAB2A /* RxRelay in Frameworks */ = {isa = PBXBuildFile; productRef = DD98FD1F290AC49E002EAB2A /* RxRelay */; };
		DD98FD22290AC49E002EAB2A /* RxSwift in Frameworks */ = {isa = PBXBuildFile; productRef = DD98FD21290AC49E002EAB2A /* RxSwift */; };
		DD98FD25290AC4C2002EAB2A /* RxGesture in Frameworks */ = {isa = PBXBuildFile; productRef = DD98FD24290AC4C2002EAB2A /* RxGesture */; };
		DD98FD29290AC4F5002EAB2A /* Then.swift in Sources */ = {isa = PBXBuildFile; fileRef = DD98FD28290AC4F5002EAB2A /* Then.swift */; };
		DD98FD2C290AC54C002EAB2A /* NotificationCenterHandler.swift in Sources */ = {isa = PBXBuildFile; fileRef = DD98FD2B290AC54C002EAB2A /* NotificationCenterHandler.swift */; };
		DD98FD2E290AC5E0002EAB2A /* NotificationManager.swift in Sources */ = {isa = PBXBuildFile; fileRef = DD98FD2D290AC5E0002EAB2A /* NotificationManager.swift */; };
		DD98FD30290AC62B002EAB2A /* UIView+.swift in Sources */ = {isa = PBXBuildFile; fileRef = DD98FD2F290AC62B002EAB2A /* UIView+.swift */; };
		DD98FD32290AC63E002EAB2A /* UIView+Rx.swift in Sources */ = {isa = PBXBuildFile; fileRef = DD98FD31290AC63E002EAB2A /* UIView+Rx.swift */; };
		DD98FD34290AC64E002EAB2A /* UIViewController+Rx.swift in Sources */ = {isa = PBXBuildFile; fileRef = DD98FD33290AC64E002EAB2A /* UIViewController+Rx.swift */; };
		DD98FD36290AC667002EAB2A /* UIViewController+.swift in Sources */ = {isa = PBXBuildFile; fileRef = DD98FD35290AC667002EAB2A /* UIViewController+.swift */; };
		DD98FD38290AC69C002EAB2A /* Observable+.swift in Sources */ = {isa = PBXBuildFile; fileRef = DD98FD37290AC69C002EAB2A /* Observable+.swift */; };
		DD98FD3A290AC6FE002EAB2A /* UIImageView+Kingfisher.swift in Sources */ = {isa = PBXBuildFile; fileRef = DD98FD39290AC6FE002EAB2A /* UIImageView+Kingfisher.swift */; };
		DD98FD3D290AC771002EAB2A /* Kingfisher in Frameworks */ = {isa = PBXBuildFile; productRef = DD98FD3C290AC771002EAB2A /* Kingfisher */; };
		DD98FD3F290AC79F002EAB2A /* UIStackView+.swift in Sources */ = {isa = PBXBuildFile; fileRef = DD98FD3E290AC79F002EAB2A /* UIStackView+.swift */; };
		DD98FD42290AC7F5002EAB2A /* UserDefault.swift in Sources */ = {isa = PBXBuildFile; fileRef = DD98FD41290AC7F5002EAB2A /* UserDefault.swift */; };
		DD98FD44290AC811002EAB2A /* UserDefaultHandler.swift in Sources */ = {isa = PBXBuildFile; fileRef = DD98FD43290AC811002EAB2A /* UserDefaultHandler.swift */; };
		DD98FD47290AC854002EAB2A /* SwiftKeychainWrapper in Frameworks */ = {isa = PBXBuildFile; productRef = DD98FD46290AC854002EAB2A /* SwiftKeychainWrapper */; };
		DD98FD4A290AC876002EAB2A /* KeyChainHandler.swift in Sources */ = {isa = PBXBuildFile; fileRef = DD98FD49290AC876002EAB2A /* KeyChainHandler.swift */; };
		DD98FD4C290AC8AD002EAB2A /* RootSwitcher.swift in Sources */ = {isa = PBXBuildFile; fileRef = DD98FD4B290AC8AD002EAB2A /* RootSwitcher.swift */; };
		DD98FD4F290AC99A002EAB2A /* MoyaLoggingPlugin.swift in Sources */ = {isa = PBXBuildFile; fileRef = DD98FD4E290AC99A002EAB2A /* MoyaLoggingPlugin.swift */; };
		DD98FD52290AC9CC002EAB2A /* StatusHandler.swift in Sources */ = {isa = PBXBuildFile; fileRef = DD98FD51290AC9CC002EAB2A /* StatusHandler.swift */; };
		DD98FD54290AC9E4002EAB2A /* StatusCase.swift in Sources */ = {isa = PBXBuildFile; fileRef = DD98FD53290AC9E4002EAB2A /* StatusCase.swift */; };
		DD98FD56290ACA52002EAB2A /* BaseResponse.swift in Sources */ = {isa = PBXBuildFile; fileRef = DD98FD55290ACA52002EAB2A /* BaseResponse.swift */; };
		DD98FD58290ACA64002EAB2A /* BaseArrayResponse.swift in Sources */ = {isa = PBXBuildFile; fileRef = DD98FD57290ACA64002EAB2A /* BaseArrayResponse.swift */; };
		DD98FD5A290ACA74002EAB2A /* NullResponse.swift in Sources */ = {isa = PBXBuildFile; fileRef = DD98FD59290ACA74002EAB2A /* NullResponse.swift */; };
		DD9ACC9228F6DA5000B13E9C /* AppDelegate.swift in Sources */ = {isa = PBXBuildFile; fileRef = DD9ACC9128F6DA5000B13E9C /* AppDelegate.swift */; };
		DD9ACC9428F6DA5000B13E9C /* SceneDelegate.swift in Sources */ = {isa = PBXBuildFile; fileRef = DD9ACC9328F6DA5000B13E9C /* SceneDelegate.swift */; };
		DD9ACC9628F6DA5000B13E9C /* ViewController.swift in Sources */ = {isa = PBXBuildFile; fileRef = DD9ACC9528F6DA5000B13E9C /* ViewController.swift */; };
		DD9ACC9B28F6DA5100B13E9C /* Assets.xcassets in Resources */ = {isa = PBXBuildFile; fileRef = DD9ACC9A28F6DA5100B13E9C /* Assets.xcassets */; };
		DD9ACC9E28F6DA5100B13E9C /* LaunchScreen.storyboard in Resources */ = {isa = PBXBuildFile; fileRef = DD9ACC9C28F6DA5100B13E9C /* LaunchScreen.storyboard */; };
		DD9ACCA928F6DA5100B13E9C /* uckgisagi_iOSTests.swift in Sources */ = {isa = PBXBuildFile; fileRef = DD9ACCA828F6DA5100B13E9C /* uckgisagi_iOSTests.swift */; };
		DD9ACCB328F6DA5100B13E9C /* uckgisagi_iOSUITests.swift in Sources */ = {isa = PBXBuildFile; fileRef = DD9ACCB228F6DA5100B13E9C /* uckgisagi_iOSUITests.swift */; };
		DD9ACCB528F6DA5100B13E9C /* uckgisagi_iOSUITestsLaunchTests.swift in Sources */ = {isa = PBXBuildFile; fileRef = DD9ACCB428F6DA5100B13E9C /* uckgisagi_iOSUITestsLaunchTests.swift */; };
		DD9ACCCC28F6DE8100B13E9C /* API.swift in Sources */ = {isa = PBXBuildFile; fileRef = DD9ACCCB28F6DE8100B13E9C /* API.swift */; };
		DD9ACCD028F6DEAF00B13E9C /* FirebaseService.swift in Sources */ = {isa = PBXBuildFile; fileRef = DD9ACCCF28F6DEAF00B13E9C /* FirebaseService.swift */; };
/* End PBXBuildFile section */

/* Begin PBXContainerItemProxy section */
		DD9ACCA528F6DA5100B13E9C /* PBXContainerItemProxy */ = {
			isa = PBXContainerItemProxy;
			containerPortal = DD9ACC8628F6DA5000B13E9C /* Project object */;
			proxyType = 1;
			remoteGlobalIDString = DD9ACC8D28F6DA5000B13E9C;
			remoteInfo = "uckgisagi-iOS";
		};
		DD9ACCAF28F6DA5100B13E9C /* PBXContainerItemProxy */ = {
			isa = PBXContainerItemProxy;
			containerPortal = DD9ACC8628F6DA5000B13E9C /* Project object */;
			proxyType = 1;
			remoteGlobalIDString = DD9ACC8D28F6DA5000B13E9C;
			remoteInfo = "uckgisagi-iOS";
		};
/* End PBXContainerItemProxy section */

/* Begin PBXFileReference section */
		DD0CCA55290BF06100264543 /* GoogleService-Info.plist */ = {isa = PBXFileReference; fileEncoding = 4; lastKnownFileType = text.plist.xml; path = "GoogleService-Info.plist"; sourceTree = "<group>"; };
		DD0CCA57290BF26A00264543 /* uckgisagi-iOS.entitlements */ = {isa = PBXFileReference; lastKnownFileType = text.plist.entitlements; path = "uckgisagi-iOS.entitlements"; sourceTree = "<group>"; };
		DD0CCA58290C0BF100264543 /* Color.swift */ = {isa = PBXFileReference; lastKnownFileType = sourcecode.swift; path = Color.swift; sourceTree = "<group>"; };
		DD98FD28290AC4F5002EAB2A /* Then.swift */ = {isa = PBXFileReference; lastKnownFileType = sourcecode.swift; path = Then.swift; sourceTree = "<group>"; };
		DD98FD2B290AC54C002EAB2A /* NotificationCenterHandler.swift */ = {isa = PBXFileReference; lastKnownFileType = sourcecode.swift; path = NotificationCenterHandler.swift; sourceTree = "<group>"; };
		DD98FD2D290AC5E0002EAB2A /* NotificationManager.swift */ = {isa = PBXFileReference; lastKnownFileType = sourcecode.swift; path = NotificationManager.swift; sourceTree = "<group>"; };
		DD98FD2F290AC62B002EAB2A /* UIView+.swift */ = {isa = PBXFileReference; lastKnownFileType = sourcecode.swift; path = "UIView+.swift"; sourceTree = "<group>"; };
		DD98FD31290AC63E002EAB2A /* UIView+Rx.swift */ = {isa = PBXFileReference; lastKnownFileType = sourcecode.swift; path = "UIView+Rx.swift"; sourceTree = "<group>"; };
		DD98FD33290AC64E002EAB2A /* UIViewController+Rx.swift */ = {isa = PBXFileReference; lastKnownFileType = sourcecode.swift; path = "UIViewController+Rx.swift"; sourceTree = "<group>"; };
		DD98FD35290AC667002EAB2A /* UIViewController+.swift */ = {isa = PBXFileReference; lastKnownFileType = sourcecode.swift; path = "UIViewController+.swift"; sourceTree = "<group>"; };
		DD98FD37290AC69C002EAB2A /* Observable+.swift */ = {isa = PBXFileReference; lastKnownFileType = sourcecode.swift; path = "Observable+.swift"; sourceTree = "<group>"; };
		DD98FD39290AC6FE002EAB2A /* UIImageView+Kingfisher.swift */ = {isa = PBXFileReference; lastKnownFileType = sourcecode.swift; path = "UIImageView+Kingfisher.swift"; sourceTree = "<group>"; };
		DD98FD3E290AC79F002EAB2A /* UIStackView+.swift */ = {isa = PBXFileReference; lastKnownFileType = sourcecode.swift; path = "UIStackView+.swift"; sourceTree = "<group>"; };
		DD98FD41290AC7F5002EAB2A /* UserDefault.swift */ = {isa = PBXFileReference; lastKnownFileType = sourcecode.swift; path = UserDefault.swift; sourceTree = "<group>"; };
		DD98FD43290AC811002EAB2A /* UserDefaultHandler.swift */ = {isa = PBXFileReference; lastKnownFileType = sourcecode.swift; path = UserDefaultHandler.swift; sourceTree = "<group>"; };
		DD98FD49290AC876002EAB2A /* KeyChainHandler.swift */ = {isa = PBXFileReference; lastKnownFileType = sourcecode.swift; path = KeyChainHandler.swift; sourceTree = "<group>"; };
		DD98FD4B290AC8AD002EAB2A /* RootSwitcher.swift */ = {isa = PBXFileReference; lastKnownFileType = sourcecode.swift; path = RootSwitcher.swift; sourceTree = "<group>"; };
		DD98FD4E290AC99A002EAB2A /* MoyaLoggingPlugin.swift */ = {isa = PBXFileReference; lastKnownFileType = sourcecode.swift; path = MoyaLoggingPlugin.swift; sourceTree = "<group>"; };
		DD98FD51290AC9CC002EAB2A /* StatusHandler.swift */ = {isa = PBXFileReference; lastKnownFileType = sourcecode.swift; path = StatusHandler.swift; sourceTree = "<group>"; };
		DD98FD53290AC9E4002EAB2A /* StatusCase.swift */ = {isa = PBXFileReference; lastKnownFileType = sourcecode.swift; path = StatusCase.swift; sourceTree = "<group>"; };
		DD98FD55290ACA52002EAB2A /* BaseResponse.swift */ = {isa = PBXFileReference; lastKnownFileType = sourcecode.swift; path = BaseResponse.swift; sourceTree = "<group>"; };
		DD98FD57290ACA64002EAB2A /* BaseArrayResponse.swift */ = {isa = PBXFileReference; lastKnownFileType = sourcecode.swift; path = BaseArrayResponse.swift; sourceTree = "<group>"; };
		DD98FD59290ACA74002EAB2A /* NullResponse.swift */ = {isa = PBXFileReference; lastKnownFileType = sourcecode.swift; path = NullResponse.swift; sourceTree = "<group>"; };
		DD9ACC8E28F6DA5000B13E9C /* uckgisagi-iOS.app */ = {isa = PBXFileReference; explicitFileType = wrapper.application; includeInIndex = 0; path = "uckgisagi-iOS.app"; sourceTree = BUILT_PRODUCTS_DIR; };
		DD9ACC9128F6DA5000B13E9C /* AppDelegate.swift */ = {isa = PBXFileReference; lastKnownFileType = sourcecode.swift; path = AppDelegate.swift; sourceTree = "<group>"; };
		DD9ACC9328F6DA5000B13E9C /* SceneDelegate.swift */ = {isa = PBXFileReference; lastKnownFileType = sourcecode.swift; path = SceneDelegate.swift; sourceTree = "<group>"; };
		DD9ACC9528F6DA5000B13E9C /* ViewController.swift */ = {isa = PBXFileReference; lastKnownFileType = sourcecode.swift; path = ViewController.swift; sourceTree = "<group>"; };
		DD9ACC9A28F6DA5100B13E9C /* Assets.xcassets */ = {isa = PBXFileReference; lastKnownFileType = folder.assetcatalog; path = Assets.xcassets; sourceTree = "<group>"; };
		DD9ACC9D28F6DA5100B13E9C /* Base */ = {isa = PBXFileReference; lastKnownFileType = file.storyboard; name = Base; path = Base.lproj/LaunchScreen.storyboard; sourceTree = "<group>"; };
		DD9ACC9F28F6DA5100B13E9C /* Info.plist */ = {isa = PBXFileReference; lastKnownFileType = text.plist.xml; path = Info.plist; sourceTree = "<group>"; };
		DD9ACCA428F6DA5100B13E9C /* uckgisagi-iOSTests.xctest */ = {isa = PBXFileReference; explicitFileType = wrapper.cfbundle; includeInIndex = 0; path = "uckgisagi-iOSTests.xctest"; sourceTree = BUILT_PRODUCTS_DIR; };
		DD9ACCA828F6DA5100B13E9C /* uckgisagi_iOSTests.swift */ = {isa = PBXFileReference; lastKnownFileType = sourcecode.swift; path = uckgisagi_iOSTests.swift; sourceTree = "<group>"; };
		DD9ACCAE28F6DA5100B13E9C /* uckgisagi-iOSUITests.xctest */ = {isa = PBXFileReference; explicitFileType = wrapper.cfbundle; includeInIndex = 0; path = "uckgisagi-iOSUITests.xctest"; sourceTree = BUILT_PRODUCTS_DIR; };
		DD9ACCB228F6DA5100B13E9C /* uckgisagi_iOSUITests.swift */ = {isa = PBXFileReference; lastKnownFileType = sourcecode.swift; path = uckgisagi_iOSUITests.swift; sourceTree = "<group>"; };
		DD9ACCB428F6DA5100B13E9C /* uckgisagi_iOSUITestsLaunchTests.swift */ = {isa = PBXFileReference; lastKnownFileType = sourcecode.swift; path = uckgisagi_iOSUITestsLaunchTests.swift; sourceTree = "<group>"; };
		DD9ACCCB28F6DE8100B13E9C /* API.swift */ = {isa = PBXFileReference; lastKnownFileType = sourcecode.swift; path = API.swift; sourceTree = "<group>"; };
		DD9ACCCF28F6DEAF00B13E9C /* FirebaseService.swift */ = {isa = PBXFileReference; lastKnownFileType = sourcecode.swift; path = FirebaseService.swift; sourceTree = "<group>"; };
/* End PBXFileReference section */

/* Begin PBXFrameworksBuildPhase section */
		DD9ACC8B28F6DA5000B13E9C /* Frameworks */ = {
			isa = PBXFrameworksBuildPhase;
			buildActionMask = 2147483647;
			files = (
				DD0CCA52290BEBAF00264543 /* FirebasePerformance in Frameworks */,
				DD98FD1E290AC49E002EAB2A /* RxCocoa in Frameworks */,
				DD98FD18290AC473002EAB2A /* RxMoya in Frameworks */,
				DD98FD3D290AC771002EAB2A /* Kingfisher in Frameworks */,
				DD98FD22290AC49E002EAB2A /* RxSwift in Frameworks */,
				DD92E9B1290BC63F00D1A03D /* ReactorKit in Frameworks */,
				DD0CCA4C290BEBAF00264543 /* FirebaseCrashlytics in Frameworks */,
				DD98FD20290AC49E002EAB2A /* RxRelay in Frameworks */,
				DD98FD25290AC4C2002EAB2A /* RxGesture in Frameworks */,
				DD0CCA54290BEBAF00264543 /* FirebaseRemoteConfig in Frameworks */,
				DD0CCA50290BEBAF00264543 /* FirebaseMessaging in Frameworks */,
				DD98FD47290AC854002EAB2A /* SwiftKeychainWrapper in Frameworks */,
				DD0CCA4A290BEBAF00264543 /* FirebaseAnalytics in Frameworks */,
				DD98FD1B290AC48B002EAB2A /* SnapKit in Frameworks */,
				DD0CCA4E290BEBAF00264543 /* FirebaseDynamicLinks in Frameworks */,
			);
			runOnlyForDeploymentPostprocessing = 0;
		};
		DD9ACCA128F6DA5100B13E9C /* Frameworks */ = {
			isa = PBXFrameworksBuildPhase;
			buildActionMask = 2147483647;
			files = (
			);
			runOnlyForDeploymentPostprocessing = 0;
		};
		DD9ACCAB28F6DA5100B13E9C /* Frameworks */ = {
			isa = PBXFrameworksBuildPhase;
			buildActionMask = 2147483647;
			files = (
			);
			runOnlyForDeploymentPostprocessing = 0;
		};
/* End PBXFrameworksBuildPhase section */

/* Begin PBXGroup section */
		DD98FD26290AC4E3002EAB2A /* Extension */ = {
			isa = PBXGroup;
			children = (
				DD98FD2F290AC62B002EAB2A /* UIView+.swift */,
				DD98FD31290AC63E002EAB2A /* UIView+Rx.swift */,
				DD98FD33290AC64E002EAB2A /* UIViewController+Rx.swift */,
				DD98FD35290AC667002EAB2A /* UIViewController+.swift */,
				DD98FD37290AC69C002EAB2A /* Observable+.swift */,
				DD98FD39290AC6FE002EAB2A /* UIImageView+Kingfisher.swift */,
				DD98FD3E290AC79F002EAB2A /* UIStackView+.swift */,
			);
			path = Extension;
			sourceTree = "<group>";
		};
		DD98FD27290AC4EE002EAB2A /* Util */ = {
			isa = PBXGroup;
			children = (
				DD98FD4B290AC8AD002EAB2A /* RootSwitcher.swift */,
				DD98FD28290AC4F5002EAB2A /* Then.swift */,
				DD98FD48290AC85F002EAB2A /* KeychainHandler */,
				DD98FD40290AC7E4002EAB2A /* UserDefaultHandler */,
				DD98FD2A290AC538002EAB2A /* NotificationCenter */,
			);
			path = Util;
			sourceTree = "<group>";
		};
		DD98FD2A290AC538002EAB2A /* NotificationCenter */ = {
			isa = PBXGroup;
			children = (
				DD98FD2B290AC54C002EAB2A /* NotificationCenterHandler.swift */,
				DD98FD2D290AC5E0002EAB2A /* NotificationManager.swift */,
			);
			path = NotificationCenter;
			sourceTree = "<group>";
		};
		DD98FD40290AC7E4002EAB2A /* UserDefaultHandler */ = {
			isa = PBXGroup;
			children = (
				DD98FD41290AC7F5002EAB2A /* UserDefault.swift */,
				DD98FD43290AC811002EAB2A /* UserDefaultHandler.swift */,
			);
			path = UserDefaultHandler;
			sourceTree = "<group>";
		};
		DD98FD48290AC85F002EAB2A /* KeychainHandler */ = {
			isa = PBXGroup;
			children = (
				DD98FD49290AC876002EAB2A /* KeyChainHandler.swift */,
			);
			path = KeychainHandler;
			sourceTree = "<group>";
		};
		DD98FD4D290AC98F002EAB2A /* Plugin */ = {
			isa = PBXGroup;
			children = (
				DD98FD4E290AC99A002EAB2A /* MoyaLoggingPlugin.swift */,
			);
			path = Plugin;
			sourceTree = "<group>";
		};
		DD98FD50290AC9B5002EAB2A /* BaseResponse */ = {
			isa = PBXGroup;
			children = (
				DD98FD51290AC9CC002EAB2A /* StatusHandler.swift */,
				DD98FD53290AC9E4002EAB2A /* StatusCase.swift */,
				DD98FD55290ACA52002EAB2A /* BaseResponse.swift */,
				DD98FD57290ACA64002EAB2A /* BaseArrayResponse.swift */,
				DD98FD59290ACA74002EAB2A /* NullResponse.swift */,
			);
			path = BaseResponse;
			sourceTree = "<group>";
		};
		DD9ACC8528F6DA5000B13E9C = {
			isa = PBXGroup;
			children = (
				DD9ACC9028F6DA5000B13E9C /* uckgisagi-iOS */,
				DD9ACCA728F6DA5100B13E9C /* uckgisagi-iOSTests */,
				DD9ACCB128F6DA5100B13E9C /* uckgisagi-iOSUITests */,
				DD9ACC8F28F6DA5000B13E9C /* Products */,
			);
			sourceTree = "<group>";
		};
		DD9ACC8F28F6DA5000B13E9C /* Products */ = {
			isa = PBXGroup;
			children = (
				DD9ACC8E28F6DA5000B13E9C /* uckgisagi-iOS.app */,
				DD9ACCA428F6DA5100B13E9C /* uckgisagi-iOSTests.xctest */,
				DD9ACCAE28F6DA5100B13E9C /* uckgisagi-iOSUITests.xctest */,
			);
			name = Products;
			sourceTree = "<group>";
		};
		DD9ACC9028F6DA5000B13E9C /* uckgisagi-iOS */ = {
			isa = PBXGroup;
			children = (
				DD0CCA57290BF26A00264543 /* uckgisagi-iOS.entitlements */,
				DD9ACCC228F6DBFA00B13E9C /* Application */,
				DD9ACCCD28F6DE9000B13E9C /* External */,
				DD9ACCCA28F6DE7400B13E9C /* Network */,
				DD9ACCC428F6DC2E00B13E9C /* Global */,
				DD9ACCC628F6DC4600B13E9C /* Screen */,
			);
			path = "uckgisagi-iOS";
			sourceTree = "<group>";
		};
		DD9ACCA728F6DA5100B13E9C /* uckgisagi-iOSTests */ = {
			isa = PBXGroup;
			children = (
				DD9ACCA828F6DA5100B13E9C /* uckgisagi_iOSTests.swift */,
			);
			path = "uckgisagi-iOSTests";
			sourceTree = "<group>";
		};
		DD9ACCB128F6DA5100B13E9C /* uckgisagi-iOSUITests */ = {
			isa = PBXGroup;
			children = (
				DD9ACCB228F6DA5100B13E9C /* uckgisagi_iOSUITests.swift */,
				DD9ACCB428F6DA5100B13E9C /* uckgisagi_iOSUITestsLaunchTests.swift */,
			);
			path = "uckgisagi-iOSUITests";
			sourceTree = "<group>";
		};
		DD9ACCC228F6DBFA00B13E9C /* Application */ = {
			isa = PBXGroup;
			children = (
				DD9ACCC928F6DC9500B13E9C /* PropertyList */,
				DD9ACCC328F6DC0600B13E9C /* Support */,
			);
			path = Application;
			sourceTree = "<group>";
		};
		DD9ACCC328F6DC0600B13E9C /* Support */ = {
			isa = PBXGroup;
			children = (
				DD9ACC9128F6DA5000B13E9C /* AppDelegate.swift */,
				DD9ACC9328F6DA5000B13E9C /* SceneDelegate.swift */,
			);
			path = Support;
			sourceTree = "<group>";
		};
		DD9ACCC428F6DC2E00B13E9C /* Global */ = {
			isa = PBXGroup;
			children = (
				DD98FD27290AC4EE002EAB2A /* Util */,
				DD98FD26290AC4E3002EAB2A /* Extension */,
				DD9ACCC528F6DC3500B13E9C /* Resource */,
			);
			path = Global;
			sourceTree = "<group>";
		};
		DD9ACCC528F6DC3500B13E9C /* Resource */ = {
			isa = PBXGroup;
			children = (
				DD9ACC9A28F6DA5100B13E9C /* Assets.xcassets */,
				DD0CCA58290C0BF100264543 /* Color.swift */,
			);
			path = Resource;
			sourceTree = "<group>";
		};
		DD9ACCC628F6DC4600B13E9C /* Screen */ = {
			isa = PBXGroup;
			children = (
				DD9ACCC828F6DC8900B13E9C /* Launch */,
				DD9ACCC728F6DC8100B13E9C /* Home */,
			);
			path = Screen;
			sourceTree = "<group>";
		};
		DD9ACCC728F6DC8100B13E9C /* Home */ = {
			isa = PBXGroup;
			children = (
				DD9ACC9528F6DA5000B13E9C /* ViewController.swift */,
			);
			path = Home;
			sourceTree = "<group>";
		};
		DD9ACCC828F6DC8900B13E9C /* Launch */ = {
			isa = PBXGroup;
			children = (
				DD9ACC9C28F6DA5100B13E9C /* LaunchScreen.storyboard */,
			);
			path = Launch;
			sourceTree = "<group>";
		};
		DD9ACCC928F6DC9500B13E9C /* PropertyList */ = {
			isa = PBXGroup;
			children = (
				DD9ACC9F28F6DA5100B13E9C /* Info.plist */,
			);
			path = PropertyList;
			sourceTree = "<group>";
		};
		DD9ACCCA28F6DE7400B13E9C /* Network */ = {
			isa = PBXGroup;
			children = (
				DD98FD50290AC9B5002EAB2A /* BaseResponse */,
				DD98FD4D290AC98F002EAB2A /* Plugin */,
				DD9ACCCB28F6DE8100B13E9C /* API.swift */,
			);
			path = Network;
			sourceTree = "<group>";
		};
		DD9ACCCD28F6DE9000B13E9C /* External */ = {
			isa = PBXGroup;
			children = (
				DD9ACCCE28F6DE9C00B13E9C /* Firebase */,
			);
			path = External;
			sourceTree = "<group>";
		};
		DD9ACCCE28F6DE9C00B13E9C /* Firebase */ = {
			isa = PBXGroup;
			children = (
				DD0CCA55290BF06100264543 /* GoogleService-Info.plist */,
				DD9ACCCF28F6DEAF00B13E9C /* FirebaseService.swift */,
			);
			path = Firebase;
			sourceTree = "<group>";
		};
/* End PBXGroup section */

/* Begin PBXNativeTarget section */
		DD9ACC8D28F6DA5000B13E9C /* uckgisagi-iOS */ = {
			isa = PBXNativeTarget;
			buildConfigurationList = DD9ACCB828F6DA5100B13E9C /* Build configuration list for PBXNativeTarget "uckgisagi-iOS" */;
			buildPhases = (
				DD9ACC8A28F6DA5000B13E9C /* Sources */,
				DD9ACC8B28F6DA5000B13E9C /* Frameworks */,
				DD9ACC8C28F6DA5000B13E9C /* Resources */,
			);
			buildRules = (
			);
			dependencies = (
			);
			name = "uckgisagi-iOS";
			packageProductDependencies = (
				DD98FD17290AC473002EAB2A /* RxMoya */,
				DD98FD1A290AC48B002EAB2A /* SnapKit */,
				DD98FD1D290AC49E002EAB2A /* RxCocoa */,
				DD98FD1F290AC49E002EAB2A /* RxRelay */,
				DD98FD21290AC49E002EAB2A /* RxSwift */,
				DD98FD24290AC4C2002EAB2A /* RxGesture */,
				DD98FD3C290AC771002EAB2A /* Kingfisher */,
				DD98FD46290AC854002EAB2A /* SwiftKeychainWrapper */,
				DD92E9B0290BC63F00D1A03D /* ReactorKit */,
				DD0CCA49290BEBAF00264543 /* FirebaseAnalytics */,
				DD0CCA4B290BEBAF00264543 /* FirebaseCrashlytics */,
				DD0CCA4D290BEBAF00264543 /* FirebaseDynamicLinks */,
				DD0CCA4F290BEBAF00264543 /* FirebaseMessaging */,
				DD0CCA51290BEBAF00264543 /* FirebasePerformance */,
				DD0CCA53290BEBAF00264543 /* FirebaseRemoteConfig */,
			);
			productName = "uckgisagi-iOS";
			productReference = DD9ACC8E28F6DA5000B13E9C /* uckgisagi-iOS.app */;
			productType = "com.apple.product-type.application";
		};
		DD9ACCA328F6DA5100B13E9C /* uckgisagi-iOSTests */ = {
			isa = PBXNativeTarget;
			buildConfigurationList = DD9ACCBB28F6DA5100B13E9C /* Build configuration list for PBXNativeTarget "uckgisagi-iOSTests" */;
			buildPhases = (
				DD9ACCA028F6DA5100B13E9C /* Sources */,
				DD9ACCA128F6DA5100B13E9C /* Frameworks */,
				DD9ACCA228F6DA5100B13E9C /* Resources */,
			);
			buildRules = (
			);
			dependencies = (
				DD9ACCA628F6DA5100B13E9C /* PBXTargetDependency */,
			);
			name = "uckgisagi-iOSTests";
			productName = "uckgisagi-iOSTests";
			productReference = DD9ACCA428F6DA5100B13E9C /* uckgisagi-iOSTests.xctest */;
			productType = "com.apple.product-type.bundle.unit-test";
		};
		DD9ACCAD28F6DA5100B13E9C /* uckgisagi-iOSUITests */ = {
			isa = PBXNativeTarget;
			buildConfigurationList = DD9ACCBE28F6DA5100B13E9C /* Build configuration list for PBXNativeTarget "uckgisagi-iOSUITests" */;
			buildPhases = (
				DD9ACCAA28F6DA5100B13E9C /* Sources */,
				DD9ACCAB28F6DA5100B13E9C /* Frameworks */,
				DD9ACCAC28F6DA5100B13E9C /* Resources */,
			);
			buildRules = (
			);
			dependencies = (
				DD9ACCB028F6DA5100B13E9C /* PBXTargetDependency */,
			);
			name = "uckgisagi-iOSUITests";
			productName = "uckgisagi-iOSUITests";
			productReference = DD9ACCAE28F6DA5100B13E9C /* uckgisagi-iOSUITests.xctest */;
			productType = "com.apple.product-type.bundle.ui-testing";
		};
/* End PBXNativeTarget section */

/* Begin PBXProject section */
		DD9ACC8628F6DA5000B13E9C /* Project object */ = {
			isa = PBXProject;
			attributes = {
				BuildIndependentTargetsInParallel = 1;
				LastSwiftUpdateCheck = 1310;
				LastUpgradeCheck = 1310;
				TargetAttributes = {
					DD9ACC8D28F6DA5000B13E9C = {
						CreatedOnToolsVersion = 13.1;
					};
					DD9ACCA328F6DA5100B13E9C = {
						CreatedOnToolsVersion = 13.1;
						TestTargetID = DD9ACC8D28F6DA5000B13E9C;
					};
					DD9ACCAD28F6DA5100B13E9C = {
						CreatedOnToolsVersion = 13.1;
						TestTargetID = DD9ACC8D28F6DA5000B13E9C;
					};
				};
			};
			buildConfigurationList = DD9ACC8928F6DA5000B13E9C /* Build configuration list for PBXProject "uckgisagi-iOS" */;
			compatibilityVersion = "Xcode 13.0";
			developmentRegion = en;
			hasScannedForEncodings = 0;
			knownRegions = (
				en,
				Base,
			);
			mainGroup = DD9ACC8528F6DA5000B13E9C;
			packageReferences = (
				DD98FD16290AC473002EAB2A /* XCRemoteSwiftPackageReference "Moya" */,
				DD98FD19290AC48B002EAB2A /* XCRemoteSwiftPackageReference "SnapKit" */,
				DD98FD1C290AC49E002EAB2A /* XCRemoteSwiftPackageReference "RxSwift" */,
				DD98FD23290AC4C2002EAB2A /* XCRemoteSwiftPackageReference "RxGesture" */,
				DD98FD3B290AC771002EAB2A /* XCRemoteSwiftPackageReference "Kingfisher" */,
				DD98FD45290AC854002EAB2A /* XCRemoteSwiftPackageReference "SwiftKeychainWrapper" */,
				DD92E9AF290BC63F00D1A03D /* XCRemoteSwiftPackageReference "ReactorKit" */,
				DD0CCA48290BEBAF00264543 /* XCRemoteSwiftPackageReference "firebase-ios-sdk" */,
			);
			productRefGroup = DD9ACC8F28F6DA5000B13E9C /* Products */;
			projectDirPath = "";
			projectRoot = "";
			targets = (
				DD9ACC8D28F6DA5000B13E9C /* uckgisagi-iOS */,
				DD9ACCA328F6DA5100B13E9C /* uckgisagi-iOSTests */,
				DD9ACCAD28F6DA5100B13E9C /* uckgisagi-iOSUITests */,
			);
		};
/* End PBXProject section */

/* Begin PBXResourcesBuildPhase section */
		DD9ACC8C28F6DA5000B13E9C /* Resources */ = {
			isa = PBXResourcesBuildPhase;
			buildActionMask = 2147483647;
			files = (
				DD9ACC9E28F6DA5100B13E9C /* LaunchScreen.storyboard in Resources */,
				DD9ACC9B28F6DA5100B13E9C /* Assets.xcassets in Resources */,
				DD0CCA56290BF06100264543 /* GoogleService-Info.plist in Resources */,
			);
			runOnlyForDeploymentPostprocessing = 0;
		};
		DD9ACCA228F6DA5100B13E9C /* Resources */ = {
			isa = PBXResourcesBuildPhase;
			buildActionMask = 2147483647;
			files = (
			);
			runOnlyForDeploymentPostprocessing = 0;
		};
		DD9ACCAC28F6DA5100B13E9C /* Resources */ = {
			isa = PBXResourcesBuildPhase;
			buildActionMask = 2147483647;
			files = (
			);
			runOnlyForDeploymentPostprocessing = 0;
		};
/* End PBXResourcesBuildPhase section */

/* Begin PBXSourcesBuildPhase section */
		DD9ACC8A28F6DA5000B13E9C /* Sources */ = {
			isa = PBXSourcesBuildPhase;
			buildActionMask = 2147483647;
			files = (
				DD98FD44290AC811002EAB2A /* UserDefaultHandler.swift in Sources */,
				DD98FD42290AC7F5002EAB2A /* UserDefault.swift in Sources */,
				DD9ACC9628F6DA5000B13E9C /* ViewController.swift in Sources */,
				DD9ACCD028F6DEAF00B13E9C /* FirebaseService.swift in Sources */,
				DD98FD36290AC667002EAB2A /* UIViewController+.swift in Sources */,
				DD98FD38290AC69C002EAB2A /* Observable+.swift in Sources */,
				DD98FD32290AC63E002EAB2A /* UIView+Rx.swift in Sources */,
				DD9ACC9228F6DA5000B13E9C /* AppDelegate.swift in Sources */,
				DD98FD4A290AC876002EAB2A /* KeyChainHandler.swift in Sources */,
				DD98FD3A290AC6FE002EAB2A /* UIImageView+Kingfisher.swift in Sources */,
				DD98FD4F290AC99A002EAB2A /* MoyaLoggingPlugin.swift in Sources */,
				DD98FD58290ACA64002EAB2A /* BaseArrayResponse.swift in Sources */,
				DD9ACCCC28F6DE8100B13E9C /* API.swift in Sources */,
				DD98FD54290AC9E4002EAB2A /* StatusCase.swift in Sources */,
				DD98FD52290AC9CC002EAB2A /* StatusHandler.swift in Sources */,
				DD98FD29290AC4F5002EAB2A /* Then.swift in Sources */,
				DD9ACC9428F6DA5000B13E9C /* SceneDelegate.swift in Sources */,
				DD0CCA59290C0BF100264543 /* Color.swift in Sources */,
				DD98FD4C290AC8AD002EAB2A /* RootSwitcher.swift in Sources */,
				DD98FD3F290AC79F002EAB2A /* UIStackView+.swift in Sources */,
				DD98FD30290AC62B002EAB2A /* UIView+.swift in Sources */,
				DD98FD2E290AC5E0002EAB2A /* NotificationManager.swift in Sources */,
				DD98FD34290AC64E002EAB2A /* UIViewController+Rx.swift in Sources */,
				DD98FD2C290AC54C002EAB2A /* NotificationCenterHandler.swift in Sources */,
				DD98FD56290ACA52002EAB2A /* BaseResponse.swift in Sources */,
				DD98FD5A290ACA74002EAB2A /* NullResponse.swift in Sources */,
			);
			runOnlyForDeploymentPostprocessing = 0;
		};
		DD9ACCA028F6DA5100B13E9C /* Sources */ = {
			isa = PBXSourcesBuildPhase;
			buildActionMask = 2147483647;
			files = (
				DD9ACCA928F6DA5100B13E9C /* uckgisagi_iOSTests.swift in Sources */,
			);
			runOnlyForDeploymentPostprocessing = 0;
		};
		DD9ACCAA28F6DA5100B13E9C /* Sources */ = {
			isa = PBXSourcesBuildPhase;
			buildActionMask = 2147483647;
			files = (
				DD9ACCB528F6DA5100B13E9C /* uckgisagi_iOSUITestsLaunchTests.swift in Sources */,
				DD9ACCB328F6DA5100B13E9C /* uckgisagi_iOSUITests.swift in Sources */,
			);
			runOnlyForDeploymentPostprocessing = 0;
		};
/* End PBXSourcesBuildPhase section */

/* Begin PBXTargetDependency section */
		DD9ACCA628F6DA5100B13E9C /* PBXTargetDependency */ = {
			isa = PBXTargetDependency;
			target = DD9ACC8D28F6DA5000B13E9C /* uckgisagi-iOS */;
			targetProxy = DD9ACCA528F6DA5100B13E9C /* PBXContainerItemProxy */;
		};
		DD9ACCB028F6DA5100B13E9C /* PBXTargetDependency */ = {
			isa = PBXTargetDependency;
			target = DD9ACC8D28F6DA5000B13E9C /* uckgisagi-iOS */;
			targetProxy = DD9ACCAF28F6DA5100B13E9C /* PBXContainerItemProxy */;
		};
/* End PBXTargetDependency section */

/* Begin PBXVariantGroup section */
		DD9ACC9C28F6DA5100B13E9C /* LaunchScreen.storyboard */ = {
			isa = PBXVariantGroup;
			children = (
				DD9ACC9D28F6DA5100B13E9C /* Base */,
			);
			name = LaunchScreen.storyboard;
			sourceTree = "<group>";
		};
/* End PBXVariantGroup section */

/* Begin XCBuildConfiguration section */
		DD9ACCB628F6DA5100B13E9C /* Debug */ = {
			isa = XCBuildConfiguration;
			buildSettings = {
				ALWAYS_SEARCH_USER_PATHS = NO;
				CLANG_ANALYZER_NONNULL = YES;
				CLANG_ANALYZER_NUMBER_OBJECT_CONVERSION = YES_AGGRESSIVE;
				CLANG_CXX_LANGUAGE_STANDARD = "gnu++20";
				CLANG_ENABLE_MODULES = YES;
				CLANG_ENABLE_OBJC_ARC = YES;
				CLANG_ENABLE_OBJC_WEAK = YES;
				CLANG_WARN_BLOCK_CAPTURE_AUTORELEASING = YES;
				CLANG_WARN_BOOL_CONVERSION = YES;
				CLANG_WARN_COMMA = YES;
				CLANG_WARN_CONSTANT_CONVERSION = YES;
				CLANG_WARN_DEPRECATED_OBJC_IMPLEMENTATIONS = YES;
				CLANG_WARN_DIRECT_OBJC_ISA_USAGE = YES_ERROR;
				CLANG_WARN_DOCUMENTATION_COMMENTS = YES;
				CLANG_WARN_EMPTY_BODY = YES;
				CLANG_WARN_ENUM_CONVERSION = YES;
				CLANG_WARN_INFINITE_RECURSION = YES;
				CLANG_WARN_INT_CONVERSION = YES;
				CLANG_WARN_NON_LITERAL_NULL_CONVERSION = YES;
				CLANG_WARN_OBJC_IMPLICIT_RETAIN_SELF = YES;
				CLANG_WARN_OBJC_LITERAL_CONVERSION = YES;
				CLANG_WARN_OBJC_ROOT_CLASS = YES_ERROR;
				CLANG_WARN_QUOTED_INCLUDE_IN_FRAMEWORK_HEADER = YES;
				CLANG_WARN_RANGE_LOOP_ANALYSIS = YES;
				CLANG_WARN_STRICT_PROTOTYPES = YES;
				CLANG_WARN_SUSPICIOUS_MOVE = YES;
				CLANG_WARN_UNGUARDED_AVAILABILITY = YES_AGGRESSIVE;
				CLANG_WARN_UNREACHABLE_CODE = YES;
				CLANG_WARN__DUPLICATE_METHOD_MATCH = YES;
				COPY_PHASE_STRIP = NO;
				DEBUG_INFORMATION_FORMAT = dwarf;
				ENABLE_STRICT_OBJC_MSGSEND = YES;
				ENABLE_TESTABILITY = YES;
				GCC_C_LANGUAGE_STANDARD = gnu11;
				GCC_DYNAMIC_NO_PIC = NO;
				GCC_NO_COMMON_BLOCKS = YES;
				GCC_OPTIMIZATION_LEVEL = 0;
				GCC_PREPROCESSOR_DEFINITIONS = (
					"DEBUG=1",
					"$(inherited)",
				);
				GCC_WARN_64_TO_32_BIT_CONVERSION = YES;
				GCC_WARN_ABOUT_RETURN_TYPE = YES_ERROR;
				GCC_WARN_UNDECLARED_SELECTOR = YES;
				GCC_WARN_UNINITIALIZED_AUTOS = YES_AGGRESSIVE;
				GCC_WARN_UNUSED_FUNCTION = YES;
				GCC_WARN_UNUSED_VARIABLE = YES;
				IPHONEOS_DEPLOYMENT_TARGET = 15.0;
				MTL_ENABLE_DEBUG_INFO = INCLUDE_SOURCE;
				MTL_FAST_MATH = YES;
				ONLY_ACTIVE_ARCH = YES;
				SDKROOT = iphoneos;
				SWIFT_ACTIVE_COMPILATION_CONDITIONS = DEBUG;
				SWIFT_OPTIMIZATION_LEVEL = "-Onone";
			};
			name = Debug;
		};
		DD9ACCB728F6DA5100B13E9C /* Release */ = {
			isa = XCBuildConfiguration;
			buildSettings = {
				ALWAYS_SEARCH_USER_PATHS = NO;
				CLANG_ANALYZER_NONNULL = YES;
				CLANG_ANALYZER_NUMBER_OBJECT_CONVERSION = YES_AGGRESSIVE;
				CLANG_CXX_LANGUAGE_STANDARD = "gnu++20";
				CLANG_ENABLE_MODULES = YES;
				CLANG_ENABLE_OBJC_ARC = YES;
				CLANG_ENABLE_OBJC_WEAK = YES;
				CLANG_WARN_BLOCK_CAPTURE_AUTORELEASING = YES;
				CLANG_WARN_BOOL_CONVERSION = YES;
				CLANG_WARN_COMMA = YES;
				CLANG_WARN_CONSTANT_CONVERSION = YES;
				CLANG_WARN_DEPRECATED_OBJC_IMPLEMENTATIONS = YES;
				CLANG_WARN_DIRECT_OBJC_ISA_USAGE = YES_ERROR;
				CLANG_WARN_DOCUMENTATION_COMMENTS = YES;
				CLANG_WARN_EMPTY_BODY = YES;
				CLANG_WARN_ENUM_CONVERSION = YES;
				CLANG_WARN_INFINITE_RECURSION = YES;
				CLANG_WARN_INT_CONVERSION = YES;
				CLANG_WARN_NON_LITERAL_NULL_CONVERSION = YES;
				CLANG_WARN_OBJC_IMPLICIT_RETAIN_SELF = YES;
				CLANG_WARN_OBJC_LITERAL_CONVERSION = YES;
				CLANG_WARN_OBJC_ROOT_CLASS = YES_ERROR;
				CLANG_WARN_QUOTED_INCLUDE_IN_FRAMEWORK_HEADER = YES;
				CLANG_WARN_RANGE_LOOP_ANALYSIS = YES;
				CLANG_WARN_STRICT_PROTOTYPES = YES;
				CLANG_WARN_SUSPICIOUS_MOVE = YES;
				CLANG_WARN_UNGUARDED_AVAILABILITY = YES_AGGRESSIVE;
				CLANG_WARN_UNREACHABLE_CODE = YES;
				CLANG_WARN__DUPLICATE_METHOD_MATCH = YES;
				COPY_PHASE_STRIP = NO;
				DEBUG_INFORMATION_FORMAT = "dwarf-with-dsym";
				ENABLE_NS_ASSERTIONS = NO;
				ENABLE_STRICT_OBJC_MSGSEND = YES;
				GCC_C_LANGUAGE_STANDARD = gnu11;
				GCC_NO_COMMON_BLOCKS = YES;
				GCC_WARN_64_TO_32_BIT_CONVERSION = YES;
				GCC_WARN_ABOUT_RETURN_TYPE = YES_ERROR;
				GCC_WARN_UNDECLARED_SELECTOR = YES;
				GCC_WARN_UNINITIALIZED_AUTOS = YES_AGGRESSIVE;
				GCC_WARN_UNUSED_FUNCTION = YES;
				GCC_WARN_UNUSED_VARIABLE = YES;
				IPHONEOS_DEPLOYMENT_TARGET = 15.0;
				MTL_ENABLE_DEBUG_INFO = NO;
				MTL_FAST_MATH = YES;
				SDKROOT = iphoneos;
				SWIFT_COMPILATION_MODE = wholemodule;
				SWIFT_OPTIMIZATION_LEVEL = "-O";
				VALIDATE_PRODUCT = YES;
			};
			name = Release;
		};
		DD9ACCB928F6DA5100B13E9C /* Debug */ = {
			isa = XCBuildConfiguration;
			buildSettings = {
				ASSETCATALOG_COMPILER_APPICON_NAME = AppIcon;
				ASSETCATALOG_COMPILER_GLOBAL_ACCENT_COLOR_NAME = AccentColor;
				CODE_SIGN_ENTITLEMENTS = "uckgisagi-iOS/uckgisagi-iOS.entitlements";
				CODE_SIGN_STYLE = Automatic;
				CURRENT_PROJECT_VERSION = 1;
				DEVELOPMENT_TEAM = PBLH2V4923;
				GENERATE_INFOPLIST_FILE = YES;
				INFOPLIST_FILE = "uckgisagi-iOS/Application/PropertyList/Info.plist";
				INFOPLIST_KEY_UIApplicationSupportsIndirectInputEvents = YES;
				INFOPLIST_KEY_UILaunchStoryboardName = LaunchScreen;
				INFOPLIST_KEY_UIMainStoryboardFile = "";
				INFOPLIST_KEY_UISupportedInterfaceOrientations_iPad = "UIInterfaceOrientationPortrait UIInterfaceOrientationPortraitUpsideDown UIInterfaceOrientationLandscapeLeft UIInterfaceOrientationLandscapeRight";
				INFOPLIST_KEY_UISupportedInterfaceOrientations_iPhone = "UIInterfaceOrientationPortrait UIInterfaceOrientationLandscapeLeft UIInterfaceOrientationLandscapeRight";
				IPHONEOS_DEPLOYMENT_TARGET = 15.0;
				LD_RUNPATH_SEARCH_PATHS = (
					"$(inherited)",
					"@executable_path/Frameworks",
				);
				MARKETING_VERSION = 1.0;
				PRODUCT_BUNDLE_IDENTIFIER = "com.welcome.uckgisagi.uckgisagi-iOS";
				PRODUCT_NAME = "$(TARGET_NAME)";
				SWIFT_EMIT_LOC_STRINGS = YES;
				SWIFT_VERSION = 5.0;
				TARGETED_DEVICE_FAMILY = "1,2";
			};
			name = Debug;
		};
		DD9ACCBA28F6DA5100B13E9C /* Release */ = {
			isa = XCBuildConfiguration;
			buildSettings = {
				ASSETCATALOG_COMPILER_APPICON_NAME = AppIcon;
				ASSETCATALOG_COMPILER_GLOBAL_ACCENT_COLOR_NAME = AccentColor;
				CODE_SIGN_ENTITLEMENTS = "uckgisagi-iOS/uckgisagi-iOS.entitlements";
				CODE_SIGN_STYLE = Automatic;
				CURRENT_PROJECT_VERSION = 1;
				DEVELOPMENT_TEAM = PBLH2V4923;
				GENERATE_INFOPLIST_FILE = YES;
				INFOPLIST_FILE = "uckgisagi-iOS/Application/PropertyList/Info.plist";
				INFOPLIST_KEY_UIApplicationSupportsIndirectInputEvents = YES;
				INFOPLIST_KEY_UILaunchStoryboardName = LaunchScreen;
				INFOPLIST_KEY_UIMainStoryboardFile = "";
				INFOPLIST_KEY_UISupportedInterfaceOrientations_iPad = "UIInterfaceOrientationPortrait UIInterfaceOrientationPortraitUpsideDown UIInterfaceOrientationLandscapeLeft UIInterfaceOrientationLandscapeRight";
				INFOPLIST_KEY_UISupportedInterfaceOrientations_iPhone = "UIInterfaceOrientationPortrait UIInterfaceOrientationLandscapeLeft UIInterfaceOrientationLandscapeRight";
				IPHONEOS_DEPLOYMENT_TARGET = 15.0;
				LD_RUNPATH_SEARCH_PATHS = (
					"$(inherited)",
					"@executable_path/Frameworks",
				);
				MARKETING_VERSION = 1.0;
				PRODUCT_BUNDLE_IDENTIFIER = "com.welcome.uckgisagi.uckgisagi-iOS";
				PRODUCT_NAME = "$(TARGET_NAME)";
				SWIFT_EMIT_LOC_STRINGS = YES;
				SWIFT_VERSION = 5.0;
				TARGETED_DEVICE_FAMILY = "1,2";
			};
			name = Release;
		};
		DD9ACCBC28F6DA5100B13E9C /* Debug */ = {
			isa = XCBuildConfiguration;
			buildSettings = {
				ALWAYS_EMBED_SWIFT_STANDARD_LIBRARIES = YES;
				BUNDLE_LOADER = "$(TEST_HOST)";
				CODE_SIGN_STYLE = Automatic;
				CURRENT_PROJECT_VERSION = 1;
				DEVELOPMENT_TEAM = PBLH2V4923;
				GENERATE_INFOPLIST_FILE = YES;
				IPHONEOS_DEPLOYMENT_TARGET = 16.0;
				MARKETING_VERSION = 1.0;
				PRODUCT_BUNDLE_IDENTIFIER = "com.welcome.uckgisagi.uckgisagi-iOSTests";
				PRODUCT_NAME = "$(TARGET_NAME)";
				SWIFT_EMIT_LOC_STRINGS = NO;
				SWIFT_VERSION = 5.0;
				TARGETED_DEVICE_FAMILY = "1,2";
				TEST_HOST = "$(BUILT_PRODUCTS_DIR)/uckgisagi-iOS.app/$(BUNDLE_EXECUTABLE_FOLDER_PATH)/uckgisagi-iOS";
			};
			name = Debug;
		};
		DD9ACCBD28F6DA5100B13E9C /* Release */ = {
			isa = XCBuildConfiguration;
			buildSettings = {
				ALWAYS_EMBED_SWIFT_STANDARD_LIBRARIES = YES;
				BUNDLE_LOADER = "$(TEST_HOST)";
				CODE_SIGN_STYLE = Automatic;
				CURRENT_PROJECT_VERSION = 1;
				DEVELOPMENT_TEAM = PBLH2V4923;
				GENERATE_INFOPLIST_FILE = YES;
				IPHONEOS_DEPLOYMENT_TARGET = 15.0;
				MARKETING_VERSION = 1.0;
				PRODUCT_BUNDLE_IDENTIFIER = "com.welcome.uckgisagi.uckgisagi-iOSTests";
				PRODUCT_NAME = "$(TARGET_NAME)";
				SWIFT_EMIT_LOC_STRINGS = NO;
				SWIFT_VERSION = 5.0;
				TARGETED_DEVICE_FAMILY = "1,2";
				TEST_HOST = "$(BUILT_PRODUCTS_DIR)/uckgisagi-iOS.app/$(BUNDLE_EXECUTABLE_FOLDER_PATH)/uckgisagi-iOS";
			};
			name = Release;
		};
		DD9ACCBF28F6DA5100B13E9C /* Debug */ = {
			isa = XCBuildConfiguration;
			buildSettings = {
				ALWAYS_EMBED_SWIFT_STANDARD_LIBRARIES = YES;
				CODE_SIGN_STYLE = Automatic;
				CURRENT_PROJECT_VERSION = 1;
				DEVELOPMENT_TEAM = PBLH2V4923;
				GENERATE_INFOPLIST_FILE = YES;
				MARKETING_VERSION = 1.0;
				PRODUCT_BUNDLE_IDENTIFIER = "com.welcome.uckgisagi.uckgisagi-iOSUITests";
				PRODUCT_NAME = "$(TARGET_NAME)";
				SWIFT_EMIT_LOC_STRINGS = NO;
				SWIFT_VERSION = 5.0;
				TARGETED_DEVICE_FAMILY = "1,2";
				TEST_TARGET_NAME = "uckgisagi-iOS";
			};
			name = Debug;
		};
		DD9ACCC028F6DA5100B13E9C /* Release */ = {
			isa = XCBuildConfiguration;
			buildSettings = {
				ALWAYS_EMBED_SWIFT_STANDARD_LIBRARIES = YES;
				CODE_SIGN_STYLE = Automatic;
				CURRENT_PROJECT_VERSION = 1;
				DEVELOPMENT_TEAM = PBLH2V4923;
				GENERATE_INFOPLIST_FILE = YES;
				MARKETING_VERSION = 1.0;
				PRODUCT_BUNDLE_IDENTIFIER = "com.welcome.uckgisagi.uckgisagi-iOSUITests";
				PRODUCT_NAME = "$(TARGET_NAME)";
				SWIFT_EMIT_LOC_STRINGS = NO;
				SWIFT_VERSION = 5.0;
				TARGETED_DEVICE_FAMILY = "1,2";
				TEST_TARGET_NAME = "uckgisagi-iOS";
			};
			name = Release;
		};
/* End XCBuildConfiguration section */

/* Begin XCConfigurationList section */
		DD9ACC8928F6DA5000B13E9C /* Build configuration list for PBXProject "uckgisagi-iOS" */ = {
			isa = XCConfigurationList;
			buildConfigurations = (
				DD9ACCB628F6DA5100B13E9C /* Debug */,
				DD9ACCB728F6DA5100B13E9C /* Release */,
			);
			defaultConfigurationIsVisible = 0;
			defaultConfigurationName = Release;
		};
		DD9ACCB828F6DA5100B13E9C /* Build configuration list for PBXNativeTarget "uckgisagi-iOS" */ = {
			isa = XCConfigurationList;
			buildConfigurations = (
				DD9ACCB928F6DA5100B13E9C /* Debug */,
				DD9ACCBA28F6DA5100B13E9C /* Release */,
			);
			defaultConfigurationIsVisible = 0;
			defaultConfigurationName = Release;
		};
		DD9ACCBB28F6DA5100B13E9C /* Build configuration list for PBXNativeTarget "uckgisagi-iOSTests" */ = {
			isa = XCConfigurationList;
			buildConfigurations = (
				DD9ACCBC28F6DA5100B13E9C /* Debug */,
				DD9ACCBD28F6DA5100B13E9C /* Release */,
			);
			defaultConfigurationIsVisible = 0;
			defaultConfigurationName = Release;
		};
		DD9ACCBE28F6DA5100B13E9C /* Build configuration list for PBXNativeTarget "uckgisagi-iOSUITests" */ = {
			isa = XCConfigurationList;
			buildConfigurations = (
				DD9ACCBF28F6DA5100B13E9C /* Debug */,
				DD9ACCC028F6DA5100B13E9C /* Release */,
			);
			defaultConfigurationIsVisible = 0;
			defaultConfigurationName = Release;
		};
/* End XCConfigurationList section */

/* Begin XCRemoteSwiftPackageReference section */
		DD0CCA48290BEBAF00264543 /* XCRemoteSwiftPackageReference "firebase-ios-sdk" */ = {
			isa = XCRemoteSwiftPackageReference;
			repositoryURL = "https://github.com/firebase/firebase-ios-sdk";
			requirement = {
				kind = upToNextMinorVersion;
				minimumVersion = 9.6.0;
			};
		};
		DD92E9AF290BC63F00D1A03D /* XCRemoteSwiftPackageReference "ReactorKit" */ = {
			isa = XCRemoteSwiftPackageReference;
			repositoryURL = "https://github.com/ReactorKit/ReactorKit";
			requirement = {
				kind = upToNextMinorVersion;
				minimumVersion = 3.2.0;
			};
		};
		DD98FD16290AC473002EAB2A /* XCRemoteSwiftPackageReference "Moya" */ = {
			isa = XCRemoteSwiftPackageReference;
			repositoryURL = "https://github.com/Moya/Moya";
			requirement = {
				branch = master;
				kind = branch;
			};
		};
		DD98FD19290AC48B002EAB2A /* XCRemoteSwiftPackageReference "SnapKit" */ = {
			isa = XCRemoteSwiftPackageReference;
			repositoryURL = "https://github.com/SnapKit/SnapKit";
			requirement = {
				kind = upToNextMinorVersion;
				minimumVersion = 5.6.0;
			};
		};
		DD98FD1C290AC49E002EAB2A /* XCRemoteSwiftPackageReference "RxSwift" */ = {
			isa = XCRemoteSwiftPackageReference;
			repositoryURL = "https://github.com/ReactiveX/RxSwift";
			requirement = {
				kind = upToNextMinorVersion;
				minimumVersion = 6.5.0;
			};
		};
		DD98FD23290AC4C2002EAB2A /* XCRemoteSwiftPackageReference "RxGesture" */ = {
			isa = XCRemoteSwiftPackageReference;
			repositoryURL = "https://github.com/RxSwiftCommunity/RxGesture";
			requirement = {
				kind = upToNextMinorVersion;
				minimumVersion = 4.0.0;
			};
		};
		DD98FD3B290AC771002EAB2A /* XCRemoteSwiftPackageReference "Kingfisher" */ = {
			isa = XCRemoteSwiftPackageReference;
			repositoryURL = "https://github.com/onevcat/Kingfisher";
			requirement = {
				kind = upToNextMinorVersion;
				minimumVersion = 7.4.0;
			};
		};
		DD98FD45290AC854002EAB2A /* XCRemoteSwiftPackageReference "SwiftKeychainWrapper" */ = {
			isa = XCRemoteSwiftPackageReference;
			repositoryURL = "https://github.com/jrendel/SwiftKeychainWrapper";
			requirement = {
				kind = upToNextMinorVersion;
				minimumVersion = 4.0.0;
			};
		};
/* End XCRemoteSwiftPackageReference section */

/* Begin XCSwiftPackageProductDependency section */
		DD0CCA49290BEBAF00264543 /* FirebaseAnalytics */ = {
			isa = XCSwiftPackageProductDependency;
			package = DD0CCA48290BEBAF00264543 /* XCRemoteSwiftPackageReference "firebase-ios-sdk" */;
			productName = FirebaseAnalytics;
		};
		DD0CCA4B290BEBAF00264543 /* FirebaseCrashlytics */ = {
			isa = XCSwiftPackageProductDependency;
			package = DD0CCA48290BEBAF00264543 /* XCRemoteSwiftPackageReference "firebase-ios-sdk" */;
			productName = FirebaseCrashlytics;
		};
		DD0CCA4D290BEBAF00264543 /* FirebaseDynamicLinks */ = {
			isa = XCSwiftPackageProductDependency;
			package = DD0CCA48290BEBAF00264543 /* XCRemoteSwiftPackageReference "firebase-ios-sdk" */;
			productName = FirebaseDynamicLinks;
		};
		DD0CCA4F290BEBAF00264543 /* FirebaseMessaging */ = {
			isa = XCSwiftPackageProductDependency;
			package = DD0CCA48290BEBAF00264543 /* XCRemoteSwiftPackageReference "firebase-ios-sdk" */;
			productName = FirebaseMessaging;
		};
		DD0CCA51290BEBAF00264543 /* FirebasePerformance */ = {
			isa = XCSwiftPackageProductDependency;
			package = DD0CCA48290BEBAF00264543 /* XCRemoteSwiftPackageReference "firebase-ios-sdk" */;
			productName = FirebasePerformance;
		};
		DD0CCA53290BEBAF00264543 /* FirebaseRemoteConfig */ = {
			isa = XCSwiftPackageProductDependency;
			package = DD0CCA48290BEBAF00264543 /* XCRemoteSwiftPackageReference "firebase-ios-sdk" */;
			productName = FirebaseRemoteConfig;
		};
		DD92E9B0290BC63F00D1A03D /* ReactorKit */ = {
			isa = XCSwiftPackageProductDependency;
			package = DD92E9AF290BC63F00D1A03D /* XCRemoteSwiftPackageReference "ReactorKit" */;
			productName = ReactorKit;
		};
		DD98FD17290AC473002EAB2A /* RxMoya */ = {
			isa = XCSwiftPackageProductDependency;
			package = DD98FD16290AC473002EAB2A /* XCRemoteSwiftPackageReference "Moya" */;
			productName = RxMoya;
		};
		DD98FD1A290AC48B002EAB2A /* SnapKit */ = {
			isa = XCSwiftPackageProductDependency;
			package = DD98FD19290AC48B002EAB2A /* XCRemoteSwiftPackageReference "SnapKit" */;
			productName = SnapKit;
		};
		DD98FD1D290AC49E002EAB2A /* RxCocoa */ = {
			isa = XCSwiftPackageProductDependency;
			package = DD98FD1C290AC49E002EAB2A /* XCRemoteSwiftPackageReference "RxSwift" */;
			productName = RxCocoa;
		};
		DD98FD1F290AC49E002EAB2A /* RxRelay */ = {
			isa = XCSwiftPackageProductDependency;
			package = DD98FD1C290AC49E002EAB2A /* XCRemoteSwiftPackageReference "RxSwift" */;
			productName = RxRelay;
		};
		DD98FD21290AC49E002EAB2A /* RxSwift */ = {
			isa = XCSwiftPackageProductDependency;
			package = DD98FD1C290AC49E002EAB2A /* XCRemoteSwiftPackageReference "RxSwift" */;
			productName = RxSwift;
		};
		DD98FD24290AC4C2002EAB2A /* RxGesture */ = {
			isa = XCSwiftPackageProductDependency;
			package = DD98FD23290AC4C2002EAB2A /* XCRemoteSwiftPackageReference "RxGesture" */;
			productName = RxGesture;
		};
		DD98FD3C290AC771002EAB2A /* Kingfisher */ = {
			isa = XCSwiftPackageProductDependency;
			package = DD98FD3B290AC771002EAB2A /* XCRemoteSwiftPackageReference "Kingfisher" */;
			productName = Kingfisher;
		};
		DD98FD46290AC854002EAB2A /* SwiftKeychainWrapper */ = {
			isa = XCSwiftPackageProductDependency;
			package = DD98FD45290AC854002EAB2A /* XCRemoteSwiftPackageReference "SwiftKeychainWrapper" */;
			productName = SwiftKeychainWrapper;
		};
/* End XCSwiftPackageProductDependency section */
	};
	rootObject = DD9ACC8628F6DA5000B13E9C /* Project object */;
}
